{
  "name": "LABORATORY-REDIS",
  "version": "1.0.0",
  "lockfileVersion": 1,
  "requires": true,
  "dependencies": {
    "@nestjs/testing": {
      "version": "8.4.4",
      "resolved": "https://registry.npmjs.org/@nestjs/testing/-/testing-8.4.4.tgz",
      "integrity": "sha512-eGj0Lbi0ONMkjDKbKQHoGX+ecGdrGRZ81I8i6fH4dx9jIR0p4MsBlW964f6Swn1MGkPm/xxomJmBWLPqZEjF7g==",
      "dev": true,
      "requires": {
        "optional": "0.1.4",
        "tslib": "2.3.1"
      }
    },
    "optional": {
      "version": "0.1.4",
      "resolved": "https://registry.npmjs.org/optional/-/optional-0.1.4.tgz",
      "integrity": "sha512-gtvrrCfkE08wKcgXaVwQVgwEQ8vel2dc5DDBn9RLQZ3YtmtkBss6A2HY6BnJH4N/4Ku97Ri/SF8sNWE2225WJw==",
      "dev": true
    },
    "tslib": {
      "version": "2.3.1",
      "resolved": "https://registry.npmjs.org/tslib/-/tslib-2.3.1.tgz",
      "integrity": "sha512-77EbyPPpMz+FRFRuAFlWMtmgUWGe9UOG2Z25NqCwiIjRhOf5iKGuzSe5P2w1laq+FkRy4p+PCuVkJSGkzTEKVw==",
      "dev": true
    }
  }
}
